
Microsoft Visual Studio Solution File, Format Version 12.00
# Visual Studio Version 17
VisualStudioVersion = 17.2.32630.192
MinimumVisualStudioVersion = 10.0.40219.1
Project("{9A19103F-16F7-4668-BE54-9A1E7A4F7556}") = "NativeWebWinUI3App", "NativeWebWinUI3App\NativeWebWinUI3App.csproj", "{7F6185EF-0C83-4A93-9D27-1ED079831436}"
	ProjectSection(ProjectDependencies) = postProject
		{1C1704FC-88F8-4C9B-8896-5710C689FEC6} = {1C1704FC-88F8-4C9B-8896-5710C689FEC6}
		{A47E91D9-6D8C-4BF6-BFD8-B7C5A6A86E3A} = {A47E91D9-6D8C-4BF6-BFD8-B7C5A6A86E3A}
	EndProjectSection
EndProject
Project("{8BC9CEB8-8B4A-11D0-8D11-00A0C91BC942}") = "WinRTAdapter", "WinRTAdapter\WinRTAdapter.vcxproj", "{B0321FA1-9BCC-4B8E-A5F4-CE99C3A5ED63}"
EndProject
Project("{8BC9CEB8-8B4A-11D0-8D11-00A0C91BC942}") = "CppWinrtRuntimeComponent", "CppWinrtRuntimeComponent\CppWinrtRuntimeComponent.vcxproj", "{A47E91D9-6D8C-4BF6-BFD8-B7C5A6A86E3A}"
EndProject
Project("{9A19103F-16F7-4668-BE54-9A1E7A4F7556}") = "ComponentProjection", "ComponentProjection\ComponentProjection.csproj", "{1C1704FC-88F8-4C9B-8896-5710C689FEC6}"
EndProject
Project("{2150E333-8FDC-42A3-9474-1A3956D46DE8}") = "Solution Items", "Solution Items", "{F2331503-DE12-4123-A315-1B1C057F6C63}"
	ProjectSection(SolutionItems) = preProject
		Directory.Build.props = Directory.Build.props
	EndProjectSection
EndProject
Global
	GlobalSection(SolutionConfigurationPlatforms) = preSolution
		Debug|Any CPU = Debug|Any CPU
		Debug|ARM = Debug|ARM
		Debug|arm64 = Debug|arm64
		Debug|x64 = Debug|x64
		Debug|x86 = Debug|x86
		Release|Any CPU = Release|Any CPU
		Release|ARM = Release|ARM
		Release|arm64 = Release|arm64
		Release|x64 = Release|x64
		Release|x86 = Release|x86
	EndGlobalSection
	GlobalSection(ProjectConfigurationPlatforms) = postSolution
		{7F6185EF-0C83-4A93-9D27-1ED079831436}.Debug|Any CPU.ActiveCfg = Debug|x64
		{7F6185EF-0C83-4A93-9D27-1ED079831436}.Debug|Any CPU.Build.0 = Debug|x64
		{7F6185EF-0C83-4A93-9D27-1ED079831436}.Debug|Any CPU.Deploy.0 = Debug|x64
		{7F6185EF-0C83-4A93-9D27-1ED079831436}.Debug|ARM.ActiveCfg = Debug|x64
		{7F6185EF-0C83-4A93-9D27-1ED079831436}.Debug|ARM.Build.0 = Debug|x64
		{7F6185EF-0C83-4A93-9D27-1ED079831436}.Debug|ARM.Deploy.0 = Debug|x64
		{7F6185EF-0C83-4A93-9D27-1ED079831436}.Debug|arm64.ActiveCfg = Debug|arm64
		{7F6185EF-0C83-4A93-9D27-1ED079831436}.Debug|arm64.Build.0 = Debug|arm64
		{7F6185EF-0C83-4A93-9D27-1ED079831436}.Debug|arm64.Deploy.0 = Debug|arm64
		{7F6185EF-0C83-4A93-9D27-1ED079831436}.Debug|x64.ActiveCfg = Debug|x64
		{7F6185EF-0C83-4A93-9D27-1ED079831436}.Debug|x64.Build.0 = Debug|x64
		{7F6185EF-0C83-4A93-9D27-1ED079831436}.Debug|x64.Deploy.0 = Debug|x64
		{7F6185EF-0C83-4A93-9D27-1ED079831436}.Debug|x86.ActiveCfg = Debug|x86
		{7F6185EF-0C83-4A93-9D27-1ED079831436}.Debug|x86.Build.0 = Debug|x86
		{7F6185EF-0C83-4A93-9D27-1ED079831436}.Debug|x86.Deploy.0 = Debug|x86
		{7F6185EF-0C83-4A93-9D27-1ED079831436}.Release|Any CPU.ActiveCfg = Release|x64
		{7F6185EF-0C83-4A93-9D27-1ED079831436}.Release|Any CPU.Build.0 = Release|x64
		{7F6185EF-0C83-4A93-9D27-1ED079831436}.Release|Any CPU.Deploy.0 = Release|x64
		{7F6185EF-0C83-4A93-9D27-1ED079831436}.Release|ARM.ActiveCfg = Release|x64
		{7F6185EF-0C83-4A93-9D27-1ED079831436}.Release|ARM.Build.0 = Release|x64
		{7F6185EF-0C83-4A93-9D27-1ED079831436}.Release|ARM.Deploy.0 = Release|x64
		{7F6185EF-0C83-4A93-9D27-1ED079831436}.Release|arm64.ActiveCfg = Release|arm64
		{7F6185EF-0C83-4A93-9D27-1ED079831436}.Release|arm64.Build.0 = Release|arm64
		{7F6185EF-0C83-4A93-9D27-1ED079831436}.Release|arm64.Deploy.0 = Release|arm64
		{7F6185EF-0C83-4A93-9D27-1ED079831436}.Release|x64.ActiveCfg = Release|x64
		{7F6185EF-0C83-4A93-9D27-1ED079831436}.Release|x64.Build.0 = Release|x64
		{7F6185EF-0C83-4A93-9D27-1ED079831436}.Release|x64.Deploy.0 = Release|x64
		{7F6185EF-0C83-4A93-9D27-1ED079831436}.Release|x86.ActiveCfg = Release|x86
		{7F6185EF-0C83-4A93-9D27-1ED079831436}.Release|x86.Build.0 = Release|x86
		{7F6185EF-0C83-4A93-9D27-1ED079831436}.Release|x86.Deploy.0 = Release|x86
		{B0321FA1-9BCC-4B8E-A5F4-CE99C3A5ED63}.Debug|Any CPU.ActiveCfg = Debug|x64
		{B0321FA1-9BCC-4B8E-A5F4-CE99C3A5ED63}.Debug|Any CPU.Build.0 = Debug|x64
		{B0321FA1-9BCC-4B8E-A5F4-CE99C3A5ED63}.Debug|ARM.ActiveCfg = Debug|ARM
		{B0321FA1-9BCC-4B8E-A5F4-CE99C3A5ED63}.Debug|ARM.Build.0 = Debug|ARM
		{B0321FA1-9BCC-4B8E-A5F4-CE99C3A5ED63}.Debug|arm64.ActiveCfg = Debug|ARM64
		{B0321FA1-9BCC-4B8E-A5F4-CE99C3A5ED63}.Debug|arm64.Build.0 = Debug|ARM64
		{B0321FA1-9BCC-4B8E-A5F4-CE99C3A5ED63}.Debug|x64.ActiveCfg = Debug|x64
		{B0321FA1-9BCC-4B8E-A5F4-CE99C3A5ED63}.Debug|x64.Build.0 = Debug|x64
		{B0321FA1-9BCC-4B8E-A5F4-CE99C3A5ED63}.Debug|x86.ActiveCfg = Debug|Win32
		{B0321FA1-9BCC-4B8E-A5F4-CE99C3A5ED63}.Debug|x86.Build.0 = Debug|Win32
		{B0321FA1-9BCC-4B8E-A5F4-CE99C3A5ED63}.Release|Any CPU.ActiveCfg = Release|x64
		{B0321FA1-9BCC-4B8E-A5F4-CE99C3A5ED63}.Release|Any CPU.Build.0 = Release|x64
		{B0321FA1-9BCC-4B8E-A5F4-CE99C3A5ED63}.Release|ARM.ActiveCfg = Release|ARM
		{B0321FA1-9BCC-4B8E-A5F4-CE99C3A5ED63}.Release|ARM.Build.0 = Release|ARM
		{B0321FA1-9BCC-4B8E-A5F4-CE99C3A5ED63}.Release|arm64.ActiveCfg = Release|ARM64
		{B0321FA1-9BCC-4B8E-A5F4-CE99C3A5ED63}.Release|arm64.Build.0 = Release|ARM64
		{B0321FA1-9BCC-4B8E-A5F4-CE99C3A5ED63}.Release|x64.ActiveCfg = Release|x64
		{B0321FA1-9BCC-4B8E-A5F4-CE99C3A5ED63}.Release|x64.Build.0 = Release|x64
		{B0321FA1-9BCC-4B8E-A5F4-CE99C3A5ED63}.Release|x86.ActiveCfg = Release|Win32
		{B0321FA1-9BCC-4B8E-A5F4-CE99C3A5ED63}.Release|x86.Build.0 = Release|Win32
		{A47E91D9-6D8C-4BF6-BFD8-B7C5A6A86E3A}.Debug|Any CPU.ActiveCfg = Debug|x64
		{A47E91D9-6D8C-4BF6-BFD8-B7C5A6A86E3A}.Debug|Any CPU.Build.0 = Debug|x64
		{A47E91D9-6D8C-4BF6-BFD8-B7C5A6A86E3A}.Debug|ARM.ActiveCfg = Debug|ARM
		{A47E91D9-6D8C-4BF6-BFD8-B7C5A6A86E3A}.Debug|ARM.Build.0 = Debug|ARM
		{A47E91D9-6D8C-4BF6-BFD8-B7C5A6A86E3A}.Debug|arm64.ActiveCfg = Debug|ARM64
		{A47E91D9-6D8C-4BF6-BFD8-B7C5A6A86E3A}.Debug|arm64.Build.0 = Debug|ARM64
		{A47E91D9-6D8C-4BF6-BFD8-B7C5A6A86E3A}.Debug|x64.ActiveCfg = Debug|x64
		{A47E91D9-6D8C-4BF6-BFD8-B7C5A6A86E3A}.Debug|x64.Build.0 = Debug|x64
		{A47E91D9-6D8C-4BF6-BFD8-B7C5A6A86E3A}.Debug|x86.ActiveCfg = Debug|Win32
		{A47E91D9-6D8C-4BF6-BFD8-B7C5A6A86E3A}.Debug|x86.Build.0 = Debug|Win32
		{A47E91D9-6D8C-4BF6-BFD8-B7C5A6A86E3A}.Release|Any CPU.ActiveCfg = Release|x64
		{A47E91D9-6D8C-4BF6-BFD8-B7C5A6A86E3A}.Release|Any CPU.Build.0 = Release|x64
		{A47E91D9-6D8C-4BF6-BFD8-B7C5A6A86E3A}.Release|ARM.ActiveCfg = Release|ARM
		{A47E91D9-6D8C-4BF6-BFD8-B7C5A6A86E3A}.Release|ARM.Build.0 = Release|ARM
		{A47E91D9-6D8C-4BF6-BFD8-B7C5A6A86E3A}.Release|arm64.ActiveCfg = Release|ARM64
		{A47E91D9-6D8C-4BF6-BFD8-B7C5A6A86E3A}.Release|arm64.Build.0 = Release|ARM64
		{A47E91D9-6D8C-4BF6-BFD8-B7C5A6A86E3A}.Release|x64.ActiveCfg = Release|x64
		{A47E91D9-6D8C-4BF6-BFD8-B7C5A6A86E3A}.Release|x64.Build.0 = Release|x64
		{A47E91D9-6D8C-4BF6-BFD8-B7C5A6A86E3A}.Release|x86.ActiveCfg = Release|Win32
		{A47E91D9-6D8C-4BF6-BFD8-B7C5A6A86E3A}.Release|x86.Build.0 = Release|Win32
		{1C1704FC-88F8-4C9B-8896-5710C689FEC6}.Debug|Any CPU.ActiveCfg = Debug|Any CPU
		{1C1704FC-88F8-4C9B-8896-5710C689FEC6}.Debug|Any CPU.Build.0 = Debug|Any CPU
		{1C1704FC-88F8-4C9B-8896-5710C689FEC6}.Debug|ARM.ActiveCfg = Debug|Any CPU
		{1C1704FC-88F8-4C9B-8896-5710C689FEC6}.Debug|ARM.Build.0 = Debug|Any CPU
		{1C1704FC-88F8-4C9B-8896-5710C689FEC6}.Debug|arm64.ActiveCfg = Debug|Any CPU
		{1C1704FC-88F8-4C9B-8896-5710C689FEC6}.Debug|arm64.Build.0 = Debug|Any CPU
		{1C1704FC-88F8-4C9B-8896-5710C689FEC6}.Debug|x64.ActiveCfg = Debug|Any CPU
		{1C1704FC-88F8-4C9B-8896-5710C689FEC6}.Debug|x64.Build.0 = Debug|Any CPU
		{1C1704FC-88F8-4C9B-8896-5710C689FEC6}.Debug|x86.ActiveCfg = Debug|Any CPU
		{1C1704FC-88F8-4C9B-8896-5710C689FEC6}.Debug|x86.Build.0 = Debug|Any CPU
		{1C1704FC-88F8-4C9B-8896-5710C689FEC6}.Release|Any CPU.ActiveCfg = Release|Any CPU
		{1C1704FC-88F8-4C9B-8896-5710C689FEC6}.Release|Any CPU.Build.0 = Release|Any CPU
		{1C1704FC-88F8-4C9B-8896-5710C689FEC6}.Release|ARM.ActiveCfg = Release|Any CPU
		{1C1704FC-88F8-4C9B-8896-5710C689FEC6}.Release|ARM.Build.0 = Release|Any CPU
		{1C1704FC-88F8-4C9B-8896-5710C689FEC6}.Release|arm64.ActiveCfg = Release|Any CPU
		{1C1704FC-88F8-4C9B-8896-5710C689FEC6}.Release|arm64.Build.0 = Release|Any CPU
		{1C1704FC-88F8-4C9B-8896-5710C689FEC6}.Release|x64.ActiveCfg = Release|Any CPU
		{1C1704FC-88F8-4C9B-8896-5710C689FEC6}.Release|x64.Build.0 = Release|Any CPU
		{1C1704FC-88F8-4C9B-8896-5710C689FEC6}.Release|x86.ActiveCfg = Release|Any CPU
		{1C1704FC-88F8-4C9B-8896-5710C689FEC6}.Release|x86.Build.0 = Release|Any CPU
	EndGlobalSection
	GlobalSection(SolutionProperties) = preSolution
		HideSolutionNode = FALSE
	EndGlobalSection
	GlobalSection(ExtensibilityGlobals) = postSolution
		SolutionGuid = {9B0B0BF2-FC7F-4C97-A935-6773B58FA276}
	EndGlobalSection
EndGlobal
